
Microsoft Visual Studio Solution File, Format Version 12.00
# Visual Studio 15
Project("{FAE04EC0-301F-11D3-BF4B-00C04F79EFBC}") = "Assembly-CSharp", "Assembly-CSharp.csproj", "{16D90379-306E-4164-900F-F5F3AE375922}"
EndProject
Project("{FAE04EC0-301F-11D3-BF4B-00C04F79EFBC}") = "Unity.XR.Interaction.Toolkit.Samples.StarterAssets", "Unity.XR.Interaction.Toolkit.Samples.StarterAssets.csproj", "{9B5EF93F-6024-FAD1-67DE-77E01BE5340B}"
EndProject
Global
	GlobalSection(SolutionConfigurationPlatforms) = preSolution
		Debug|Any CPU = Debug|Any CPU
		Release|Any CPU = Release|Any CPU
	EndGlobalSection
	GlobalSection(ProjectConfigurationPlatforms) = postSolution
		{16D90379-306E-4164-900F-F5F3AE375922}.Debug|Any CPU.ActiveCfg = Debug|Any CPU
		{16D90379-306E-4164-900F-F5F3AE375922}.Debug|Any CPU.Build.0 = Debug|Any CPU
		{16D90379-306E-4164-900F-F5F3AE375922}.Release|Any CPU.ActiveCfg = Release|Any CPU
		{16D90379-306E-4164-900F-F5F3AE375922}.Release|Any CPU.Build.0 = Release|Any CPU
		{9B5EF93F-6024-FAD1-67DE-77E01BE5340B}.Debug|Any CPU.ActiveCfg = Debug|Any CPU
		{9B5EF93F-6024-FAD1-67DE-77E01BE5340B}.Debug|Any CPU.Build.0 = Debug|Any CPU
		{9B5EF93F-6024-FAD1-67DE-77E01BE5340B}.Release|Any CPU.ActiveCfg = Release|Any CPU
		{9B5EF93F-6024-FAD1-67DE-77E01BE5340B}.Release|Any CPU.Build.0 = Release|Any CPU
	EndGlobalSection
	GlobalSection(SolutionProperties) = preSolution
		HideSolutionNode = FALSE
	EndGlobalSection
EndGlobal
